
Microsoft Visual Studio Solution File, Format Version 12.00
# Visual Studio Version 16
VisualStudioVersion = 16.0.29418.71
MinimumVisualStudioVersion = 10.0.40219.1
Project("{FAE04EC0-301F-11D3-BF4B-00C04F79EFBC}") = "star method", "star method\star method.csproj", "{00DF1D68-238F-4D2F-A794-EC99CCE128CD}"
EndProject
Global
	GlobalSection(SolutionConfigurationPlatforms) = preSolution
		Debug|Any CPU = Debug|Any CPU
		Release|Any CPU = Release|Any CPU
	EndGlobalSection
	GlobalSection(ProjectConfigurationPlatforms) = postSolution
		{00DF1D68-238F-4D2F-A794-EC99CCE128CD}.Debug|Any CPU.ActiveCfg = Debug|Any CPU
		{00DF1D68-238F-4D2F-A794-EC99CCE128CD}.Debug|Any CPU.Build.0 = Debug|Any CPU
		{00DF1D68-238F-4D2F-A794-EC99CCE128CD}.Release|Any CPU.ActiveCfg = Release|Any CPU
		{00DF1D68-238F-4D2F-A794-EC99CCE128CD}.Release|Any CPU.Build.0 = Release|Any CPU
	EndGlobalSection
	GlobalSection(SolutionProperties) = preSolution
		HideSolutionNode = FALSE
	EndGlobalSection
	GlobalSection(ExtensibilityGlobals) = postSolution
		SolutionGuid = {ACE48D86-4556-4324-8B15-2E6E1047AA6E}
	EndGlobalSection
EndGlobal
